
Microsoft Visual Studio Solution File, Format Version 12.00
# Visual Studio Version 17
VisualStudioVersion = 17.1.31903.286
MinimumVisualStudioVersion = 10.0.40219.1
Project("{FAE04EC0-301F-11D3-BF4B-00C04F79EFBC}") = "BuildNotifier", "BuildNotifier.csproj", "{7DCD9B5C-9763-44E5-9E35-D45CD174126D}"
EndProject
Global
	GlobalSection(SolutionConfigurationPlatforms) = preSolution
		Debug|Any CPU = Debug|Any CPU
		Debug|x86 = Debug|x86
		Release|Any CPU = Release|Any CPU
		Release|x86 = Release|x86
	EndGlobalSection
	GlobalSection(ProjectConfigurationPlatforms) = postSolution
		{7DCD9B5C-9763-44E5-9E35-D45CD174126D}.Debug|Any CPU.ActiveCfg = Debug|Any CPU
		{7DCD9B5C-9763-44E5-9E35-D45CD174126D}.Debug|Any CPU.Build.0 = Debug|Any CPU
		{7DCD9B5C-9763-44E5-9E35-D45CD174126D}.Debug|x86.ActiveCfg = Debug|x86
		{7DCD9B5C-9763-44E5-9E35-D45CD174126D}.Debug|x86.Build.0 = Debug|x86
		{7DCD9B5C-9763-44E5-9E35-D45CD174126D}.Release|Any CPU.ActiveCfg = Release|Any CPU
		{7DCD9B5C-9763-44E5-9E35-D45CD174126D}.Release|Any CPU.Build.0 = Release|Any CPU
		{7DCD9B5C-9763-44E5-9E35-D45CD174126D}.Release|x86.ActiveCfg = Release|x86
		{7DCD9B5C-9763-44E5-9E35-D45CD174126D}.Release|x86.Build.0 = Release|x86
	EndGlobalSection
	GlobalSection(SolutionProperties) = preSolution
		HideSolutionNode = FALSE
	EndGlobalSection
	GlobalSection(ExtensibilityGlobals) = postSolution
		SolutionGuid = {D91CCBA1-FBA5-49E4-BCD6-E7332E94493F}
	EndGlobalSection
EndGlobal
